
Microsoft Visual Studio Solution File, Format Version 12.00
Project("{FAE04EC0-301F-11D3-BF4B-00C04F79EFBC}") = "Cm1_Lab_10", "Cm1_Lab_10\Cm1_Lab_10.csproj", "{DEF29035-F536-43FA-AF81-2C6895D69071}"
EndProject
Global
	GlobalSection(SolutionConfigurationPlatforms) = preSolution
		Debug|Any CPU = Debug|Any CPU
		Release|Any CPU = Release|Any CPU
	EndGlobalSection
	GlobalSection(ProjectConfigurationPlatforms) = postSolution
		{DEF29035-F536-43FA-AF81-2C6895D69071}.Debug|Any CPU.ActiveCfg = Debug|Any CPU
		{DEF29035-F536-43FA-AF81-2C6895D69071}.Debug|Any CPU.Build.0 = Debug|Any CPU
		{DEF29035-F536-43FA-AF81-2C6895D69071}.Release|Any CPU.ActiveCfg = Release|Any CPU
		{DEF29035-F536-43FA-AF81-2C6895D69071}.Release|Any CPU.Build.0 = Release|Any CPU
	EndGlobalSection
EndGlobal
