
Microsoft Visual Studio Solution File, Format Version 12.00
# Visual Studio Version 17
VisualStudioVersion = 17.13.35825.156 d17.13
MinimumVisualStudioVersion = 10.0.40219.1
Project("{FAE04EC0-301F-11D3-BF4B-00C04F79EFBC}") = "Cm1_Lab_2", "Cm1_Lab_2.csproj", "{3BE6C53A-56DA-45C4-A629-AA6D2CFF4E0E}"
EndProject
Global
	GlobalSection(SolutionConfigurationPlatforms) = preSolution
		Debug|Any CPU = Debug|Any CPU
		Release|Any CPU = Release|Any CPU
	EndGlobalSection
	GlobalSection(ProjectConfigurationPlatforms) = postSolution
		{3BE6C53A-56DA-45C4-A629-AA6D2CFF4E0E}.Debug|Any CPU.ActiveCfg = Debug|Any CPU
		{3BE6C53A-56DA-45C4-A629-AA6D2CFF4E0E}.Debug|Any CPU.Build.0 = Debug|Any CPU
		{3BE6C53A-56DA-45C4-A629-AA6D2CFF4E0E}.Release|Any CPU.ActiveCfg = Release|Any CPU
		{3BE6C53A-56DA-45C4-A629-AA6D2CFF4E0E}.Release|Any CPU.Build.0 = Release|Any CPU
	EndGlobalSection
	GlobalSection(SolutionProperties) = preSolution
		HideSolutionNode = FALSE
	EndGlobalSection
	GlobalSection(ExtensibilityGlobals) = postSolution
		SolutionGuid = {1054D236-1798-4FBC-B6EC-E2D5BCF6990E}
	EndGlobalSection
EndGlobal
