
Microsoft Visual Studio Solution File, Format Version 12.00
Project("{FAE04EC0-301F-11D3-BF4B-00C04F79EFBC}") = "Cm1_Lab_6", "Cm1_Lab_6\Cm1_Lab_6.csproj", "{9ABF5471-4BB8-4164-BD75-B6989BDBF4BC}"
EndProject
Global
	GlobalSection(SolutionConfigurationPlatforms) = preSolution
		Debug|Any CPU = Debug|Any CPU
		Release|Any CPU = Release|Any CPU
	EndGlobalSection
	GlobalSection(ProjectConfigurationPlatforms) = postSolution
		{9ABF5471-4BB8-4164-BD75-B6989BDBF4BC}.Debug|Any CPU.ActiveCfg = Debug|Any CPU
		{9ABF5471-4BB8-4164-BD75-B6989BDBF4BC}.Debug|Any CPU.Build.0 = Debug|Any CPU
		{9ABF5471-4BB8-4164-BD75-B6989BDBF4BC}.Release|Any CPU.ActiveCfg = Release|Any CPU
		{9ABF5471-4BB8-4164-BD75-B6989BDBF4BC}.Release|Any CPU.Build.0 = Release|Any CPU
	EndGlobalSection
EndGlobal
