
Microsoft Visual Studio Solution File, Format Version 12.00
Project("{FAE04EC0-301F-11D3-BF4B-00C04F79EFBC}") = "Cm1_Module_3", "Cm1_Module_3\Cm1_Module_3.csproj", "{C8BD7BE4-762F-4EC1-9429-E4FD9A0AFCBE}"
EndProject
Global
	GlobalSection(SolutionConfigurationPlatforms) = preSolution
		Debug|Any CPU = Debug|Any CPU
		Release|Any CPU = Release|Any CPU
	EndGlobalSection
	GlobalSection(ProjectConfigurationPlatforms) = postSolution
		{C8BD7BE4-762F-4EC1-9429-E4FD9A0AFCBE}.Debug|Any CPU.ActiveCfg = Debug|Any CPU
		{C8BD7BE4-762F-4EC1-9429-E4FD9A0AFCBE}.Debug|Any CPU.Build.0 = Debug|Any CPU
		{C8BD7BE4-762F-4EC1-9429-E4FD9A0AFCBE}.Release|Any CPU.ActiveCfg = Release|Any CPU
		{C8BD7BE4-762F-4EC1-9429-E4FD9A0AFCBE}.Release|Any CPU.Build.0 = Release|Any CPU
	EndGlobalSection
EndGlobal
